// !$*UTF8*$!
{
	archiveVersion = 1;
	classes = {
	};
	objectVersion = 50;
	objects = {

/* Begin PBXBuildFile section */
		A22118E223C63A1600B3A2E3 /* AppDelegate.swift in Sources */ = {isa = PBXBuildFile; fileRef = A22118E123C63A1600B3A2E3 /* AppDelegate.swift */; };
		A22118E423C63A1600B3A2E3 /* SceneDelegate.swift in Sources */ = {isa = PBXBuildFile; fileRef = A22118E323C63A1600B3A2E3 /* SceneDelegate.swift */; };
		A22118E623C63A1600B3A2E3 /* ViewController.swift in Sources */ = {isa = PBXBuildFile; fileRef = A22118E523C63A1600B3A2E3 /* ViewController.swift */; };
		A22118E923C63A1600B3A2E3 /* Main.storyboard in Resources */ = {isa = PBXBuildFile; fileRef = A22118E723C63A1600B3A2E3 /* Main.storyboard */; };
		A22118EB23C63A1900B3A2E3 /* Assets.xcassets in Resources */ = {isa = PBXBuildFile; fileRef = A22118EA23C63A1900B3A2E3 /* Assets.xcassets */; };
		A22118EE23C63A1900B3A2E3 /* LaunchScreen.storyboard in Resources */ = {isa = PBXBuildFile; fileRef = A22118EC23C63A1900B3A2E3 /* LaunchScreen.storyboard */; };
/* End PBXBuildFile section */

/* Begin PBXFileReference section */
		A22118DE23C63A1600B3A2E3 /* Git-R-Done.app */ = {isa = PBXFileReference; explicitFileType = wrapper.application; includeInIndex = 0; path = "Git-R-Done.app"; sourceTree = BUILT_PRODUCTS_DIR; };
		A22118E123C63A1600B3A2E3 /* AppDelegate.swift */ = {isa = PBXFileReference; lastKnownFileType = sourcecode.swift; path = AppDelegate.swift; sourceTree = "<group>"; };
		A22118E323C63A1600B3A2E3 /* SceneDelegate.swift */ = {isa = PBXFileReference; lastKnownFileType = sourcecode.swift; path = SceneDelegate.swift; sourceTree = "<group>"; };
		A22118E523C63A1600B3A2E3 /* ViewController.swift */ = {isa = PBXFileReference; lastKnownFileType = sourcecode.swift; path = ViewController.swift; sourceTree = "<group>"; };
		A22118E823C63A1600B3A2E3 /* Base */ = {isa = PBXFileReference; lastKnownFileType = file.storyboard; name = Base; path = Base.lproj/Main.storyboard; sourceTree = "<group>"; };
		A22118EA23C63A1900B3A2E3 /* Assets.xcassets */ = {isa = PBXFileReference; lastKnownFileType = folder.assetcatalog; path = Assets.xcassets; sourceTree = "<group>"; };
		A22118ED23C63A1900B3A2E3 /* Base */ = {isa = PBXFileReference; lastKnownFileType = file.storyboard; name = Base; path = Base.lproj/LaunchScreen.storyboard; sourceTree = "<group>"; };
		A22118EF23C63A1900B3A2E3 /* Info.plist */ = {isa = PBXFileReference; lastKnownFileType = text.plist.xml; path = Info.plist; sourceTree = "<group>"; };
/* End PBXFileReference section */

/* Begin PBXFrameworksBuildPhase section */
		A22118DB23C63A1600B3A2E3 /* Frameworks */ = {
			isa = PBXFrameworksBuildPhase;
			buildActionMask = 2147483647;
			files = (
			);
			runOnlyForDeploymentPostprocessing = 0;
		};
/* End PBXFrameworksBuildPhase section */

/* Begin PBXGroup section */
		A22118D523C63A1600B3A2E3 = {
			isa = PBXGroup;
			children = (
				A22118E023C63A1600B3A2E3 /* Git-R-Done */,
				A22118DF23C63A1600B3A2E3 /* Products */,
			);
			sourceTree = "<group>";
		};
		A22118DF23C63A1600B3A2E3 /* Products */ = {
			isa = PBXGroup;
			children = (
				A22118DE23C63A1600B3A2E3 /* Git-R-Done.app */,
			);
			name = Products;
			sourceTree = "<group>";
		};
		A22118E023C63A1600B3A2E3 /* Git-R-Done */ = {
			isa = PBXGroup;
			children = (
				A22118E123C63A1600B3A2E3 /* AppDelegate.swift */,
				A22118E323C63A1600B3A2E3 /* SceneDelegate.swift */,
				A22118E523C63A1600B3A2E3 /* ViewController.swift */,
				A22118E723C63A1600B3A2E3 /* Main.storyboard */,
				A22118EA23C63A1900B3A2E3 /* Assets.xcassets */,
				A22118EC23C63A1900B3A2E3 /* LaunchScreen.storyboard */,
				A22118EF23C63A1900B3A2E3 /* Info.plist */,
			);
			path = "Git-R-Done";
			sourceTree = "<group>";
		};
/* End PBXGroup section */

/* Begin PBXNativeTarget section */
		A22118DD23C63A1600B3A2E3 /* Git-R-Done */ = {
			isa = PBXNativeTarget;
			buildConfigurationList = A22118F223C63A1900B3A2E3 /* Build configuration list for PBXNativeTarget "Git-R-Done" */;
			buildPhases = (
				A22118DA23C63A1600B3A2E3 /* Sources */,
				A22118DB23C63A1600B3A2E3 /* Frameworks */,
				A22118DC23C63A1600B3A2E3 /* Resources */,
			);
			buildRules = (
			);
			dependencies = (
			);
			name = "Git-R-Done";
			productName = "Git-R-Done";
			productReference = A22118DE23C63A1600B3A2E3 /* Git-R-Done.app */;
			productType = "com.apple.product-type.application";
		};
/* End PBXNativeTarget section */

/* Begin PBXProject section */
		A22118D623C63A1600B3A2E3 /* Project object */ = {
			isa = PBXProject;
			attributes = {
				LastSwiftUpdateCheck = 1120;
				LastUpgradeCheck = 1120;
				ORGANIZATIONNAME = "Mariam Fuzail";
				TargetAttributes = {
					A22118DD23C63A1600B3A2E3 = {
						CreatedOnToolsVersion = 11.2;
					};
				};
			};
			buildConfigurationList = A22118D923C63A1600B3A2E3 /* Build configuration list for PBXProject "Git-R-Done" */;
			compatibilityVersion = "Xcode 9.3";
			developmentRegion = en;
			hasScannedForEncodings = 0;
			knownRegions = (
				en,
				Base,
			);
			mainGroup = A22118D523C63A1600B3A2E3;
			productRefGroup = A22118DF23C63A1600B3A2E3 /* Products */;
			projectDirPath = "";
			projectRoot = "";
			targets = (
				A22118DD23C63A1600B3A2E3 /* Git-R-Done */,
			);
		};
/* End PBXProject section */

/* Begin PBXResourcesBuildPhase section */
		A22118DC23C63A1600B3A2E3 /* Resources */ = {
			isa = PBXResourcesBuildPhase;
			buildActionMask = 2147483647;
			files = (
				A22118EE23C63A1900B3A2E3 /* LaunchScreen.storyboard in Resources */,
				A22118EB23C63A1900B3A2E3 /* Assets.xcassets in Resources */,
				A22118E923C63A1600B3A2E3 /* Main.storyboard in Resources */,
			);
			runOnlyForDeploymentPostprocessing = 0;
		};
/* End PBXResourcesBuildPhase section */

/* Begin PBXSourcesBuildPhase section */
		A22118DA23C63A1600B3A2E3 /* Sources */ = {
			isa = PBXSourcesBuildPhase;
			buildActionMask = 2147483647;
			files = (
				A22118E623C63A1600B3A2E3 /* ViewController.swift in Sources */,
				A22118E223C63A1600B3A2E3 /* AppDelegate.swift in Sources */,
				A22118E423C63A1600B3A2E3 /* SceneDelegate.swift in Sources */,
			);
			runOnlyForDeploymentPostprocessing = 0;
		};
/* End PBXSourcesBuildPhase section */

/* Begin PBXVariantGroup section */
		A22118E723C63A1600B3A2E3 /* Main.storyboard */ = {
			isa = PBXVariantGroup;
			children = (
				A22118E823C63A1600B3A2E3 /* Base */,
			);
			name = Main.storyboard;
			sourceTree = "<group>";
		};
		A22118EC23C63A1900B3A2E3 /* LaunchScreen.storyboard */ = {
			isa = PBXVariantGroup;
			children = (
				A22118ED23C63A1900B3A2E3 /* Base */,
			);
			name = LaunchScreen.storyboard;
			sourceTree = "<group>";
		};
/* End PBXVariantGroup section */

/* Begin XCBuildConfiguration section */
		A22118F023C63A1900B3A2E3 /* Debug */ = {
			isa = XCBuildConfiguration;
			buildSettings = {
				ALWAYS_SEARCH_USER_PATHS = NO;
				CLANG_ANALYZER_NONNULL = YES;
				CLANG_ANALYZER_NUMBER_OBJECT_CONVERSION = YES_AGGRESSIVE;
				CLANG_CXX_LANGUAGE_STANDARD = "gnu++14";
				CLANG_CXX_LIBRARY = "libc++";
				CLANG_ENABLE_MODULES = YES;
				CLANG_ENABLE_OBJC_ARC = YES;
				CLANG_ENABLE_OBJC_WEAK = YES;
				CLANG_WARN_BLOCK_CAPTURE_AUTORELEASING = YES;
				CLANG_WARN_BOOL_CONVERSION = YES;
				CLANG_WARN_COMMA = YES;
				CLANG_WARN_CONSTANT_CONVERSION = YES;
				CLANG_WARN_DEPRECATED_OBJC_IMPLEMENTATIONS = YES;
				CLANG_WARN_DIRECT_OBJC_ISA_USAGE = YES_ERROR;
				CLANG_WARN_DOCUMENTATION_COMMENTS = YES;
				CLANG_WARN_EMPTY_BODY = YES;
				CLANG_WARN_ENUM_CONVERSION = YES;
				CLANG_WARN_INFINITE_RECURSION = YES;
				CLANG_WARN_INT_CONVERSION = YES;
				CLANG_WARN_NON_LITERAL_NULL_CONVERSION = YES;
				CLANG_WARN_OBJC_IMPLICIT_RETAIN_SELF = YES;
				CLANG_WARN_OBJC_LITERAL_CONVERSION = YES;
				CLANG_WARN_OBJC_ROOT_CLASS = YES_ERROR;
				CLANG_WARN_RANGE_LOOP_ANALYSIS = YES;
				CLANG_WARN_STRICT_PROTOTYPES = YES;
				CLANG_WARN_SUSPICIOUS_MOVE = YES;
				CLANG_WARN_UNGUARDED_AVAILABILITY = YES_AGGRESSIVE;
				CLANG_WARN_UNREACHABLE_CODE = YES;
				CLANG_WARN__DUPLICATE_METHOD_MATCH = YES;
				COPY_PHASE_STRIP = NO;
				DEBUG_INFORMATION_FORMAT = dwarf;
				ENABLE_STRICT_OBJC_MSGSEND = YES;
				ENABLE_TESTABILITY = YES;
				GCC_C_LANGUAGE_STANDARD = gnu11;
				GCC_DYNAMIC_NO_PIC = NO;
				GCC_NO_COMMON_BLOCKS = YES;
				GCC_OPTIMIZATION_LEVEL = 0;
				GCC_PREPROCESSOR_DEFINITIONS = (
					"DEBUG=1",
					"$(inherited)",
				);
				GCC_WARN_64_TO_32_BIT_CONVERSION = YES;
				GCC_WARN_ABOUT_RETURN_TYPE = YES_ERROR;
				GCC_WARN_UNDECLARED_SELECTOR = YES;
				GCC_WARN_UNINITIALIZED_AUTOS = YES_AGGRESSIVE;
				GCC_WARN_UNUSED_FUNCTION = YES;
				GCC_WARN_UNUSED_VARIABLE = YES;
				IPHONEOS_DEPLOYMENT_TARGET = 13.2;
				MTL_ENABLE_DEBUG_INFO = INCLUDE_SOURCE;
				MTL_FAST_MATH = YES;
				ONLY_ACTIVE_ARCH = YES;
				SDKROOT = iphoneos;
				SWIFT_ACTIVE_COMPILATION_CONDITIONS = DEBUG;
				SWIFT_OPTIMIZATION_LEVEL = "-Onone";
			};
			name = Debug;
		};
		A22118F123C63A1900B3A2E3 /* Release */ = {
			isa = XCBuildConfiguration;
			buildSettings = {
				ALWAYS_SEARCH_USER_PATHS = NO;
				CLANG_ANALYZER_NONNULL = YES;
				CLANG_ANALYZER_NUMBER_OBJECT_CONVERSION = YES_AGGRESSIVE;
				CLANG_CXX_LANGUAGE_STANDARD = "gnu++14";
				CLANG_CXX_LIBRARY = "libc++";
				CLANG_ENABLE_MODULES = YES;
				CLANG_ENABLE_OBJC_ARC = YES;
				CLANG_ENABLE_OBJC_WEAK = YES;
				CLANG_WARN_BLOCK_CAPTURE_AUTORELEASING = YES;
				CLANG_WARN_BOOL_CONVERSION = YES;
				CLANG_WARN_COMMA = YES;
				CLANG_WARN_CONSTANT_CONVERSION = YES;
				CLANG_WARN_DEPRECATED_OBJC_IMPLEMENTATIONS = YES;
				CLANG_WARN_DIRECT_OBJC_ISA_USAGE = YES_ERROR;
				CLANG_WARN_DOCUMENTATION_COMMENTS = YES;
				CLANG_WARN_EMPTY_BODY = YES;
				CLANG_WARN_ENUM_CONVERSION = YES;
				CLANG_WARN_INFINITE_RECURSION = YES;
				CLANG_WARN_INT_CONVERSION = YES;
				CLANG_WARN_NON_LITERAL_NULL_CONVERSION = YES;
				CLANG_WARN_OBJC_IMPLICIT_RETAIN_SELF = YES;
				CLANG_WARN_OBJC_LITERAL_CONVERSION = YES;
				CLANG_WARN_OBJC_ROOT_CLASS = YES_ERROR;
				CLANG_WARN_RANGE_LOOP_ANALYSIS = YES;
				CLANG_WARN_STRICT_PROTOTYPES = YES;
				CLANG_WARN_SUSPICIOUS_MOVE = YES;
				CLANG_WARN_UNGUARDED_AVAILABILITY = YES_AGGRESSIVE;
				CLANG_WARN_UNREACHABLE_CODE = YES;
				CLANG_WARN__DUPLICATE_METHOD_MATCH = YES;
				COPY_PHASE_STRIP = NO;
				DEBUG_INFORMATION_FORMAT = "dwarf-with-dsym";
				ENABLE_NS_ASSERTIONS = NO;
				ENABLE_STRICT_OBJC_MSGSEND = YES;
				GCC_C_LANGUAGE_STANDARD = gnu11;
				GCC_NO_COMMON_BLOCKS = YES;
				GCC_WARN_64_TO_32_BIT_CONVERSION = YES;
				GCC_WARN_ABOUT_RETURN_TYPE = YES_ERROR;
				GCC_WARN_UNDECLARED_SELECTOR = YES;
				GCC_WARN_UNINITIALIZED_AUTOS = YES_AGGRESSIVE;
				GCC_WARN_UNUSED_FUNCTION = YES;
				GCC_WARN_UNUSED_VARIABLE = YES;
				IPHONEOS_DEPLOYMENT_TARGET = 13.2;
				MTL_ENABLE_DEBUG_INFO = NO;
				MTL_FAST_MATH = YES;
				SDKROOT = iphoneos;
				SWIFT_COMPILATION_MODE = wholemodule;
				SWIFT_OPTIMIZATION_LEVEL = "-O";
				VALIDATE_PRODUCT = YES;
			};
			name = Release;
		};
		A22118F323C63A1900B3A2E3 /* Debug */ = {
			isa = XCBuildConfiguration;
			buildSettings = {
				ASSETCATALOG_COMPILER_APPICON_NAME = AppIcon;
				CODE_SIGN_STYLE = Automatic;
				DEVELOPMENT_TEAM = 4RPHDA3LR3;
				INFOPLIST_FILE = "Git-R-Done/Info.plist";
				LD_RUNPATH_SEARCH_PATHS = (
					"$(inherited)",
					"@executable_path/Frameworks",
				);
				PRODUCT_BUNDLE_IDENTIFIER = "Fuzail.Git-R-Done";
				PRODUCT_NAME = "$(TARGET_NAME)";
				SWIFT_VERSION = 5.0;
				TARGETED_DEVICE_FAMILY = "1,2";
			};
			name = Debug;
		};
		A22118F423C63A1900B3A2E3 /* Release */ = {
			isa = XCBuildConfiguration;
			buildSettings = {
				ASSETCATALOG_COMPILER_APPICON_NAME = AppIcon;
				CODE_SIGN_STYLE = Automatic;
				DEVELOPMENT_TEAM = 4RPHDA3LR3;
				INFOPLIST_FILE = "Git-R-Done/Info.plist";
				LD_RUNPATH_SEARCH_PATHS = (
					"$(inherited)",
					"@executable_path/Frameworks",
				);
				PRODUCT_BUNDLE_IDENTIFIER = "Fuzail.Git-R-Done";
				PRODUCT_NAME = "$(TARGET_NAME)";
				SWIFT_VERSION = 5.0;
				TARGETED_DEVICE_FAMILY = "1,2";
			};
			name = Release;
		};
/* End XCBuildConfiguration section */

/* Begin XCConfigurationList section */
		A22118D923C63A1600B3A2E3 /* Build configuration list for PBXProject "Git-R-Done" */ = {
			isa = XCConfigurationList;
			buildConfigurations = (
				A22118F023C63A1900B3A2E3 /* Debug */,
				A22118F123C63A1900B3A2E3 /* Release */,
			);
			defaultConfigurationIsVisible = 0;
			defaultConfigurationName = Release;
		};
		A22118F223C63A1900B3A2E3 /* Build configuration list for PBXNativeTarget "Git-R-Done" */ = {
			isa = XCConfigurationList;
			buildConfigurations = (
				A22118F323C63A1900B3A2E3 /* Debug */,
				A22118F423C63A1900B3A2E3 /* Release */,
			);
			defaultConfigurationIsVisible = 0;
			defaultConfigurationName = Release;
		};
/* End XCConfigurationList section */
	};
	rootObject = A22118D623C63A1600B3A2E3 /* Project object */;
}
